
Microsoft Visual Studio Solution File, Format Version 12.00
# Visual Studio Version 17
VisualStudioVersion = 17.5.002.0
MinimumVisualStudioVersion = 10.0.40219.1
Project("{9A19103F-16F7-4668-BE54-9A1E7A4F7556}") = "Queue Management System", "Queue Management System.csproj", "{8A86745E-E245-4154-99CD-7007B0E7578F}"
EndProject
Global
	GlobalSection(SolutionConfigurationPlatforms) = preSolution
		Debug|Any CPU = Debug|Any CPU
		Release|Any CPU = Release|Any CPU
	EndGlobalSection
	GlobalSection(ProjectConfigurationPlatforms) = postSolution
		{8A86745E-E245-4154-99CD-7007B0E7578F}.Debug|Any CPU.ActiveCfg = Debug|Any CPU
		{8A86745E-E245-4154-99CD-7007B0E7578F}.Debug|Any CPU.Build.0 = Debug|Any CPU
		{8A86745E-E245-4154-99CD-7007B0E7578F}.Release|Any CPU.ActiveCfg = Release|Any CPU
		{8A86745E-E245-4154-99CD-7007B0E7578F}.Release|Any CPU.Build.0 = Release|Any CPU
	EndGlobalSection
	GlobalSection(SolutionProperties) = preSolution
		HideSolutionNode = FALSE
	EndGlobalSection
	GlobalSection(ExtensibilityGlobals) = postSolution
		SolutionGuid = {6A325818-6A00-4CE5-9994-9CEDAC8CCE13}
	EndGlobalSection
EndGlobal
